
Microsoft Visual Studio Solution File, Format Version 12.00
# Visual Studio Version 16
VisualStudioVersion = 16.0.30114.105
MinimumVisualStudioVersion = 10.0.40219.1
Project("{2150E333-8FDC-42A3-9474-1A3956D46DE8}") = "src", "src", "{D4C396E0-D87E-4E91-BAED-1C33C542E607}"
EndProject
Project("{FAE04EC0-301F-11D3-BF4B-00C04F79EFBC}") = "FriendTimeZonesWasm", "src\FriendTimeZonesWasm\FriendTimeZonesWasm.csproj", "{3465B477-BF95-4A4C-819E-E37DD7752AF6}"
EndProject
Global
	GlobalSection(SolutionConfigurationPlatforms) = preSolution
		Debug|Any CPU = Debug|Any CPU
		Release|Any CPU = Release|Any CPU
	EndGlobalSection
	GlobalSection(SolutionProperties) = preSolution
		HideSolutionNode = FALSE
	EndGlobalSection
	GlobalSection(ProjectConfigurationPlatforms) = postSolution
		{3465B477-BF95-4A4C-819E-E37DD7752AF6}.Debug|Any CPU.ActiveCfg = Debug|Any CPU
		{3465B477-BF95-4A4C-819E-E37DD7752AF6}.Debug|Any CPU.Build.0 = Debug|Any CPU
		{3465B477-BF95-4A4C-819E-E37DD7752AF6}.Release|Any CPU.ActiveCfg = Release|Any CPU
		{3465B477-BF95-4A4C-819E-E37DD7752AF6}.Release|Any CPU.Build.0 = Release|Any CPU
	EndGlobalSection
	GlobalSection(NestedProjects) = preSolution
		{3465B477-BF95-4A4C-819E-E37DD7752AF6} = {D4C396E0-D87E-4E91-BAED-1C33C542E607}
	EndGlobalSection
EndGlobal
